
Microsoft Visual Studio Solution File, Format Version 12.00
# Visual Studio Version 17
VisualStudioVersion = 17.1.32210.238
MinimumVisualStudioVersion = 10.0.40219.1
Project("{FAE04EC0-301F-11D3-BF4B-00C04F79EFBC}") = "CustomInspectors", "CustomInspectors\CustomInspectors.csproj", "{05CCC283-63E0-472F-92BB-883AB9E068A3}"
EndProject
Global
	GlobalSection(SolutionConfigurationPlatforms) = preSolution
		Debug|Any CPU = Debug|Any CPU
		Release|Any CPU = Release|Any CPU
	EndGlobalSection
	GlobalSection(ProjectConfigurationPlatforms) = postSolution
		{05CCC283-63E0-472F-92BB-883AB9E068A3}.Debug|Any CPU.ActiveCfg = Debug|Any CPU
		{05CCC283-63E0-472F-92BB-883AB9E068A3}.Debug|Any CPU.Build.0 = Debug|Any CPU
		{05CCC283-63E0-472F-92BB-883AB9E068A3}.Release|Any CPU.ActiveCfg = Release|Any CPU
		{05CCC283-63E0-472F-92BB-883AB9E068A3}.Release|Any CPU.Build.0 = Release|Any CPU
	EndGlobalSection
	GlobalSection(SolutionProperties) = preSolution
		HideSolutionNode = FALSE
	EndGlobalSection
	GlobalSection(ExtensibilityGlobals) = postSolution
		SolutionGuid = {57E4A68A-7AEB-4190-B329-902D6EA6EA4C}
	EndGlobalSection
EndGlobal
